
Microsoft Visual Studio Solution File, Format Version 12.00
# Visual Studio Version 16
VisualStudioVersion = 16.0.30611.23
MinimumVisualStudioVersion = 10.0.40219.1
Project("{9A19103F-16F7-4668-BE54-9A1E7A4F7556}") = "StudentInfoEngine", "StudentInfoEngine\StudentInfoEngine.csproj", "{C537ABEC-86A9-4B70-9210-5B3DBDD555F0}"
EndProject
Project("{FAE04EC0-301F-11D3-BF4B-00C04F79EFBC}") = "StudentInfoPage", "StudentInfoPage\StudentInfoPage.csproj", "{9728A344-1347-4A34-BF95-5292E161D34F}"
EndProject
Global
	GlobalSection(SolutionConfigurationPlatforms) = preSolution
		Debug|Any CPU = Debug|Any CPU
		Release|Any CPU = Release|Any CPU
	EndGlobalSection
	GlobalSection(ProjectConfigurationPlatforms) = postSolution
		{C537ABEC-86A9-4B70-9210-5B3DBDD555F0}.Debug|Any CPU.ActiveCfg = Debug|Any CPU
		{C537ABEC-86A9-4B70-9210-5B3DBDD555F0}.Debug|Any CPU.Build.0 = Debug|Any CPU
		{C537ABEC-86A9-4B70-9210-5B3DBDD555F0}.Release|Any CPU.ActiveCfg = Release|Any CPU
		{C537ABEC-86A9-4B70-9210-5B3DBDD555F0}.Release|Any CPU.Build.0 = Release|Any CPU
		{9728A344-1347-4A34-BF95-5292E161D34F}.Debug|Any CPU.ActiveCfg = Debug|Any CPU
		{9728A344-1347-4A34-BF95-5292E161D34F}.Debug|Any CPU.Build.0 = Debug|Any CPU
		{9728A344-1347-4A34-BF95-5292E161D34F}.Release|Any CPU.ActiveCfg = Release|Any CPU
		{9728A344-1347-4A34-BF95-5292E161D34F}.Release|Any CPU.Build.0 = Release|Any CPU
	EndGlobalSection
	GlobalSection(SolutionProperties) = preSolution
		HideSolutionNode = FALSE
	EndGlobalSection
	GlobalSection(ExtensibilityGlobals) = postSolution
		SolutionGuid = {68A7DB45-0C69-45B2-BC4E-B9BED0121213}
	EndGlobalSection
EndGlobal
